
Microsoft Visual Studio Solution File, Format Version 12.00
# Visual Studio Version 16
VisualStudioVersion = 16.0.31728.76
MinimumVisualStudioVersion = 10.0.40219.1
Project("{FAE04EC0-301F-11D3-BF4B-00C04F79EFBC}") = "NumberGuessingGame", "NumberGuessingGame.csproj", "{F21CB148-B53D-48C1-B0A0-505404C5A6DB}"
EndProject
Global
	GlobalSection(SolutionConfigurationPlatforms) = preSolution
		Debug|Any CPU = Debug|Any CPU
		Release|Any CPU = Release|Any CPU
	EndGlobalSection
	GlobalSection(ProjectConfigurationPlatforms) = postSolution
		{F21CB148-B53D-48C1-B0A0-505404C5A6DB}.Debug|Any CPU.ActiveCfg = Debug|Any CPU
		{F21CB148-B53D-48C1-B0A0-505404C5A6DB}.Debug|Any CPU.Build.0 = Debug|Any CPU
		{F21CB148-B53D-48C1-B0A0-505404C5A6DB}.Release|Any CPU.ActiveCfg = Release|Any CPU
		{F21CB148-B53D-48C1-B0A0-505404C5A6DB}.Release|Any CPU.Build.0 = Release|Any CPU
	EndGlobalSection
	GlobalSection(SolutionProperties) = preSolution
		HideSolutionNode = FALSE
	EndGlobalSection
	GlobalSection(ExtensibilityGlobals) = postSolution
		SolutionGuid = {62C187B0-2993-445B-A4D1-EF1A334C7DE7}
	EndGlobalSection
EndGlobal
